// !$*UTF8*$!
{
	archiveVersion = 1;
	classes = {
	};
	objectVersion = 54;
	objects = {

/* Begin PBXBuildFile section */
		DD9E840529058C58007C6305 /* AppDelegate.swift in Sources */ = {isa = PBXBuildFile; fileRef = DD9E840429058C58007C6305 /* AppDelegate.swift */; };
		DD9E840729058C58007C6305 /* SceneDelegate.swift in Sources */ = {isa = PBXBuildFile; fileRef = DD9E840629058C58007C6305 /* SceneDelegate.swift */; };
		DD9E840929058C58007C6305 /* SpendsViewController.swift in Sources */ = {isa = PBXBuildFile; fileRef = DD9E840829058C58007C6305 /* SpendsViewController.swift */; };
		DD9E840E29058C5A007C6305 /* Assets.xcassets in Resources */ = {isa = PBXBuildFile; fileRef = DD9E840D29058C5A007C6305 /* Assets.xcassets */; };
		DD9E841129058C5A007C6305 /* LaunchScreen.storyboard in Resources */ = {isa = PBXBuildFile; fileRef = DD9E840F29058C5A007C6305 /* LaunchScreen.storyboard */; };
		DD9E841F29058F03007C6305 /* MainTabBarController.swift in Sources */ = {isa = PBXBuildFile; fileRef = DD9E841E29058F03007C6305 /* MainTabBarController.swift */; };
		DD9E842729059489007C6305 /* IncomesViewController.swift in Sources */ = {isa = PBXBuildFile; fileRef = DD9E842629059488007C6305 /* IncomesViewController.swift */; };
		DD9E842C290594E8007C6305 /* StatsViewController.swift in Sources */ = {isa = PBXBuildFile; fileRef = DD9E842B290594E8007C6305 /* StatsViewController.swift */; };
		DD9E842E2906BD50007C6305 /* SpendsView.swift in Sources */ = {isa = PBXBuildFile; fileRef = DD9E842D2906BD50007C6305 /* SpendsView.swift */; };
		DD9E84302906F038007C6305 /* IncomesView.swift in Sources */ = {isa = PBXBuildFile; fileRef = DD9E842F2906F038007C6305 /* IncomesView.swift */; };
		DD9E84322906F0FD007C6305 /* StatsView.swift in Sources */ = {isa = PBXBuildFile; fileRef = DD9E84312906F0FC007C6305 /* StatsView.swift */; };
		DD9E84352906F410007C6305 /* CustomTextField.swift in Sources */ = {isa = PBXBuildFile; fileRef = DD9E84342906F410007C6305 /* CustomTextField.swift */; };
/* End PBXBuildFile section */

/* Begin PBXFileReference section */
		DD9E840129058C58007C6305 /* Organize your spends and income.app */ = {isa = PBXFileReference; explicitFileType = wrapper.application; includeInIndex = 0; path = "Organize your spends and income.app"; sourceTree = BUILT_PRODUCTS_DIR; };
		DD9E840429058C58007C6305 /* AppDelegate.swift */ = {isa = PBXFileReference; lastKnownFileType = sourcecode.swift; path = AppDelegate.swift; sourceTree = "<group>"; };
		DD9E840629058C58007C6305 /* SceneDelegate.swift */ = {isa = PBXFileReference; lastKnownFileType = sourcecode.swift; path = SceneDelegate.swift; sourceTree = "<group>"; };
		DD9E840829058C58007C6305 /* SpendsViewController.swift */ = {isa = PBXFileReference; lastKnownFileType = sourcecode.swift; path = SpendsViewController.swift; sourceTree = "<group>"; };
		DD9E840D29058C5A007C6305 /* Assets.xcassets */ = {isa = PBXFileReference; lastKnownFileType = folder.assetcatalog; path = Assets.xcassets; sourceTree = "<group>"; };
		DD9E841029058C5A007C6305 /* Base */ = {isa = PBXFileReference; lastKnownFileType = file.storyboard; name = Base; path = Base.lproj/LaunchScreen.storyboard; sourceTree = "<group>"; };
		DD9E841229058C5A007C6305 /* Info.plist */ = {isa = PBXFileReference; lastKnownFileType = text.plist.xml; path = Info.plist; sourceTree = "<group>"; };
		DD9E841E29058F03007C6305 /* MainTabBarController.swift */ = {isa = PBXFileReference; lastKnownFileType = sourcecode.swift; path = MainTabBarController.swift; sourceTree = "<group>"; };
		DD9E842629059488007C6305 /* IncomesViewController.swift */ = {isa = PBXFileReference; lastKnownFileType = sourcecode.swift; path = IncomesViewController.swift; sourceTree = "<group>"; };
		DD9E842B290594E8007C6305 /* StatsViewController.swift */ = {isa = PBXFileReference; lastKnownFileType = sourcecode.swift; path = StatsViewController.swift; sourceTree = "<group>"; };
		DD9E842D2906BD50007C6305 /* SpendsView.swift */ = {isa = PBXFileReference; lastKnownFileType = sourcecode.swift; path = SpendsView.swift; sourceTree = "<group>"; };
		DD9E842F2906F038007C6305 /* IncomesView.swift */ = {isa = PBXFileReference; lastKnownFileType = sourcecode.swift; path = IncomesView.swift; sourceTree = "<group>"; };
		DD9E84312906F0FC007C6305 /* StatsView.swift */ = {isa = PBXFileReference; lastKnownFileType = sourcecode.swift; path = StatsView.swift; sourceTree = "<group>"; };
		DD9E84342906F410007C6305 /* CustomTextField.swift */ = {isa = PBXFileReference; lastKnownFileType = sourcecode.swift; path = CustomTextField.swift; sourceTree = "<group>"; };
/* End PBXFileReference section */

/* Begin PBXFrameworksBuildPhase section */
		DD9E83FE29058C58007C6305 /* Frameworks */ = {
			isa = PBXFrameworksBuildPhase;
			buildActionMask = 2147483647;
			files = (
			);
			runOnlyForDeploymentPostprocessing = 0;
		};
/* End PBXFrameworksBuildPhase section */

/* Begin PBXGroup section */
		DD9E83F829058C58007C6305 = {
			isa = PBXGroup;
			children = (
				DD9E840329058C58007C6305 /* Organize your spends and income */,
				DD9E840229058C58007C6305 /* Products */,
			);
			sourceTree = "<group>";
		};
		DD9E840229058C58007C6305 /* Products */ = {
			isa = PBXGroup;
			children = (
				DD9E840129058C58007C6305 /* Organize your spends and income.app */,
			);
			name = Products;
			sourceTree = "<group>";
		};
		DD9E840329058C58007C6305 /* Organize your spends and income */ = {
			isa = PBXGroup;
			children = (
				DD9E841829058DE8007C6305 /* Application */,
				DD9E841929058DF5007C6305 /* SpendsModule */,
				DD9E842129058F25007C6305 /* IncomeModule */,
				DD9E842229058F32007C6305 /* StatsModule */,
				DD9E841E29058F03007C6305 /* MainTabBarController.swift */,
				DD9E841A29058E01007C6305 /* Resources */,
			);
			path = "Organize your spends and income";
			sourceTree = "<group>";
		};
		DD9E841829058DE8007C6305 /* Application */ = {
			isa = PBXGroup;
			children = (
				DD9E840429058C58007C6305 /* AppDelegate.swift */,
				DD9E840629058C58007C6305 /* SceneDelegate.swift */,
			);
			path = Application;
			sourceTree = "<group>";
		};
		DD9E841929058DF5007C6305 /* SpendsModule */ = {
			isa = PBXGroup;
			children = (
				DD9E841B29058E25007C6305 /* Model */,
				DD9E841C29058E2C007C6305 /* View */,
				DD9E841D29058E3F007C6305 /* Controller */,
			);
			path = SpendsModule;
			sourceTree = "<group>";
		};
		DD9E841A29058E01007C6305 /* Resources */ = {
			isa = PBXGroup;
			children = (
				DD9E840D29058C5A007C6305 /* Assets.xcassets */,
				DD9E840F29058C5A007C6305 /* LaunchScreen.storyboard */,
				DD9E841229058C5A007C6305 /* Info.plist */,
			);
			path = Resources;
			sourceTree = "<group>";
		};
		DD9E841B29058E25007C6305 /* Model */ = {
			isa = PBXGroup;
			children = (
			);
			path = Model;
			sourceTree = "<group>";
		};
		DD9E841C29058E2C007C6305 /* View */ = {
			isa = PBXGroup;
			children = (
				DD9E84332906F3DE007C6305 /* Views */,
				DD9E842D2906BD50007C6305 /* SpendsView.swift */,
			);
			path = View;
			sourceTree = "<group>";
		};
		DD9E841D29058E3F007C6305 /* Controller */ = {
			isa = PBXGroup;
			children = (
				DD9E840829058C58007C6305 /* SpendsViewController.swift */,
			);
			path = Controller;
			sourceTree = "<group>";
		};
		DD9E842129058F25007C6305 /* IncomeModule */ = {
			isa = PBXGroup;
			children = (
				DD9E84232905945C007C6305 /* Model */,
				DD9E842429059463007C6305 /* View */,
				DD9E842529059468007C6305 /* Controller */,
			);
			path = IncomeModule;
			sourceTree = "<group>";
		};
		DD9E842229058F32007C6305 /* StatsModule */ = {
			isa = PBXGroup;
			children = (
				DD9E8428290594C6007C6305 /* Model */,
				DD9E8429290594CC007C6305 /* View */,
				DD9E842A290594D3007C6305 /* Controller */,
			);
			path = StatsModule;
			sourceTree = "<group>";
		};
		DD9E84232905945C007C6305 /* Model */ = {
			isa = PBXGroup;
			children = (
			);
			path = Model;
			sourceTree = "<group>";
		};
		DD9E842429059463007C6305 /* View */ = {
			isa = PBXGroup;
			children = (
				DD9E842F2906F038007C6305 /* IncomesView.swift */,
			);
			path = View;
			sourceTree = "<group>";
		};
		DD9E842529059468007C6305 /* Controller */ = {
			isa = PBXGroup;
			children = (
				DD9E842629059488007C6305 /* IncomesViewController.swift */,
			);
			path = Controller;
			sourceTree = "<group>";
		};
		DD9E8428290594C6007C6305 /* Model */ = {
			isa = PBXGroup;
			children = (
			);
			path = Model;
			sourceTree = "<group>";
		};
		DD9E8429290594CC007C6305 /* View */ = {
			isa = PBXGroup;
			children = (
				DD9E84312906F0FC007C6305 /* StatsView.swift */,
			);
			path = View;
			sourceTree = "<group>";
		};
		DD9E842A290594D3007C6305 /* Controller */ = {
			isa = PBXGroup;
			children = (
				DD9E842B290594E8007C6305 /* StatsViewController.swift */,
			);
			path = Controller;
			sourceTree = "<group>";
		};
		DD9E84332906F3DE007C6305 /* Views */ = {
			isa = PBXGroup;
			children = (
				DD9E84342906F410007C6305 /* CustomTextField.swift */,
			);
			path = Views;
			sourceTree = "<group>";
		};
/* End PBXGroup section */

/* Begin PBXNativeTarget section */
		DD9E840029058C58007C6305 /* Organize your spends and income */ = {
			isa = PBXNativeTarget;
			buildConfigurationList = DD9E841529058C5A007C6305 /* Build configuration list for PBXNativeTarget "Organize your spends and income" */;
			buildPhases = (
				DD9E83FD29058C58007C6305 /* Sources */,
				DD9E83FE29058C58007C6305 /* Frameworks */,
				DD9E83FF29058C58007C6305 /* Resources */,
			);
			buildRules = (
			);
			dependencies = (
			);
			name = "Organize your spends and income";
			productName = "Organize your spends and income";
			productReference = DD9E840129058C58007C6305 /* Organize your spends and income.app */;
			productType = "com.apple.product-type.application";
		};
/* End PBXNativeTarget section */

/* Begin PBXProject section */
		DD9E83F929058C58007C6305 /* Project object */ = {
			isa = PBXProject;
			attributes = {
				BuildIndependentTargetsInParallel = 1;
				LastSwiftUpdateCheck = 1400;
				LastUpgradeCheck = 1400;
				TargetAttributes = {
					DD9E840029058C58007C6305 = {
						CreatedOnToolsVersion = 14.0.1;
					};
				};
			};
			buildConfigurationList = DD9E83FC29058C58007C6305 /* Build configuration list for PBXProject "Organize your spends and incomes" */;
			compatibilityVersion = "Xcode 12.0";
			developmentRegion = en;
			hasScannedForEncodings = 0;
			knownRegions = (
				en,
				Base,
			);
			mainGroup = DD9E83F829058C58007C6305;
			productRefGroup = DD9E840229058C58007C6305 /* Products */;
			projectDirPath = "";
			projectRoot = "";
			targets = (
				DD9E840029058C58007C6305 /* Organize your spends and income */,
			);
		};
/* End PBXProject section */

/* Begin PBXResourcesBuildPhase section */
		DD9E83FF29058C58007C6305 /* Resources */ = {
			isa = PBXResourcesBuildPhase;
			buildActionMask = 2147483647;
			files = (
				DD9E841129058C5A007C6305 /* LaunchScreen.storyboard in Resources */,
				DD9E840E29058C5A007C6305 /* Assets.xcassets in Resources */,
			);
			runOnlyForDeploymentPostprocessing = 0;
		};
/* End PBXResourcesBuildPhase section */

/* Begin PBXSourcesBuildPhase section */
		DD9E83FD29058C58007C6305 /* Sources */ = {
			isa = PBXSourcesBuildPhase;
			buildActionMask = 2147483647;
			files = (
				DD9E842E2906BD50007C6305 /* SpendsView.swift in Sources */,
				DD9E840929058C58007C6305 /* SpendsViewController.swift in Sources */,
				DD9E842729059489007C6305 /* IncomesViewController.swift in Sources */,
				DD9E840529058C58007C6305 /* AppDelegate.swift in Sources */,
				DD9E84352906F410007C6305 /* CustomTextField.swift in Sources */,
				DD9E841F29058F03007C6305 /* MainTabBarController.swift in Sources */,
				DD9E84302906F038007C6305 /* IncomesView.swift in Sources */,
				DD9E842C290594E8007C6305 /* StatsViewController.swift in Sources */,
				DD9E840729058C58007C6305 /* SceneDelegate.swift in Sources */,
				DD9E84322906F0FD007C6305 /* StatsView.swift in Sources */,
			);
			runOnlyForDeploymentPostprocessing = 0;
		};
/* End PBXSourcesBuildPhase section */

/* Begin PBXVariantGroup section */
		DD9E840F29058C5A007C6305 /* LaunchScreen.storyboard */ = {
			isa = PBXVariantGroup;
			children = (
				DD9E841029058C5A007C6305 /* Base */,
			);
			name = LaunchScreen.storyboard;
			sourceTree = "<group>";
		};
/* End PBXVariantGroup section */

/* Begin XCBuildConfiguration section */
		DD9E841329058C5A007C6305 /* Debug */ = {
			isa = XCBuildConfiguration;
			buildSettings = {
				ALWAYS_SEARCH_USER_PATHS = NO;
				CLANG_ANALYZER_NONNULL = YES;
				CLANG_ANALYZER_NUMBER_OBJECT_CONVERSION = YES_AGGRESSIVE;
				CLANG_CXX_LANGUAGE_STANDARD = "gnu++20";
				CLANG_ENABLE_MODULES = YES;
				CLANG_ENABLE_OBJC_ARC = YES;
				CLANG_ENABLE_OBJC_WEAK = YES;
				CLANG_WARN_BLOCK_CAPTURE_AUTORELEASING = YES;
				CLANG_WARN_BOOL_CONVERSION = YES;
				CLANG_WARN_COMMA = YES;
				CLANG_WARN_CONSTANT_CONVERSION = YES;
				CLANG_WARN_DEPRECATED_OBJC_IMPLEMENTATIONS = YES;
				CLANG_WARN_DIRECT_OBJC_ISA_USAGE = YES_ERROR;
				CLANG_WARN_DOCUMENTATION_COMMENTS = YES;
				CLANG_WARN_EMPTY_BODY = YES;
				CLANG_WARN_ENUM_CONVERSION = YES;
				CLANG_WARN_INFINITE_RECURSION = YES;
				CLANG_WARN_INT_CONVERSION = YES;
				CLANG_WARN_NON_LITERAL_NULL_CONVERSION = YES;
				CLANG_WARN_OBJC_IMPLICIT_RETAIN_SELF = YES;
				CLANG_WARN_OBJC_LITERAL_CONVERSION = YES;
				CLANG_WARN_OBJC_ROOT_CLASS = YES_ERROR;
				CLANG_WARN_QUOTED_INCLUDE_IN_FRAMEWORK_HEADER = YES;
				CLANG_WARN_RANGE_LOOP_ANALYSIS = YES;
				CLANG_WARN_STRICT_PROTOTYPES = YES;
				CLANG_WARN_SUSPICIOUS_MOVE = YES;
				CLANG_WARN_UNGUARDED_AVAILABILITY = YES_AGGRESSIVE;
				CLANG_WARN_UNREACHABLE_CODE = YES;
				CLANG_WARN__DUPLICATE_METHOD_MATCH = YES;
				COPY_PHASE_STRIP = NO;
				DEBUG_INFORMATION_FORMAT = dwarf;
				ENABLE_STRICT_OBJC_MSGSEND = YES;
				ENABLE_TESTABILITY = YES;
				GCC_C_LANGUAGE_STANDARD = gnu11;
				GCC_DYNAMIC_NO_PIC = NO;
				GCC_NO_COMMON_BLOCKS = YES;
				GCC_OPTIMIZATION_LEVEL = 0;
				GCC_PREPROCESSOR_DEFINITIONS = (
					"DEBUG=1",
					"$(inherited)",
				);
				GCC_WARN_64_TO_32_BIT_CONVERSION = YES;
				GCC_WARN_ABOUT_RETURN_TYPE = YES_ERROR;
				GCC_WARN_UNDECLARED_SELECTOR = YES;
				GCC_WARN_UNINITIALIZED_AUTOS = YES_AGGRESSIVE;
				GCC_WARN_UNUSED_FUNCTION = YES;
				GCC_WARN_UNUSED_VARIABLE = YES;
				IPHONEOS_DEPLOYMENT_TARGET = 15.0;
				MTL_ENABLE_DEBUG_INFO = INCLUDE_SOURCE;
				MTL_FAST_MATH = YES;
				ONLY_ACTIVE_ARCH = YES;
				SDKROOT = iphoneos;
				SWIFT_ACTIVE_COMPILATION_CONDITIONS = DEBUG;
				SWIFT_OPTIMIZATION_LEVEL = "-Onone";
			};
			name = Debug;
		};
		DD9E841429058C5A007C6305 /* Release */ = {
			isa = XCBuildConfiguration;
			buildSettings = {
				ALWAYS_SEARCH_USER_PATHS = NO;
				CLANG_ANALYZER_NONNULL = YES;
				CLANG_ANALYZER_NUMBER_OBJECT_CONVERSION = YES_AGGRESSIVE;
				CLANG_CXX_LANGUAGE_STANDARD = "gnu++20";
				CLANG_ENABLE_MODULES = YES;
				CLANG_ENABLE_OBJC_ARC = YES;
				CLANG_ENABLE_OBJC_WEAK = YES;
				CLANG_WARN_BLOCK_CAPTURE_AUTORELEASING = YES;
				CLANG_WARN_BOOL_CONVERSION = YES;
				CLANG_WARN_COMMA = YES;
				CLANG_WARN_CONSTANT_CONVERSION = YES;
				CLANG_WARN_DEPRECATED_OBJC_IMPLEMENTATIONS = YES;
				CLANG_WARN_DIRECT_OBJC_ISA_USAGE = YES_ERROR;
				CLANG_WARN_DOCUMENTATION_COMMENTS = YES;
				CLANG_WARN_EMPTY_BODY = YES;
				CLANG_WARN_ENUM_CONVERSION = YES;
				CLANG_WARN_INFINITE_RECURSION = YES;
				CLANG_WARN_INT_CONVERSION = YES;
				CLANG_WARN_NON_LITERAL_NULL_CONVERSION = YES;
				CLANG_WARN_OBJC_IMPLICIT_RETAIN_SELF = YES;
				CLANG_WARN_OBJC_LITERAL_CONVERSION = YES;
				CLANG_WARN_OBJC_ROOT_CLASS = YES_ERROR;
				CLANG_WARN_QUOTED_INCLUDE_IN_FRAMEWORK_HEADER = YES;
				CLANG_WARN_RANGE_LOOP_ANALYSIS = YES;
				CLANG_WARN_STRICT_PROTOTYPES = YES;
				CLANG_WARN_SUSPICIOUS_MOVE = YES;
				CLANG_WARN_UNGUARDED_AVAILABILITY = YES_AGGRESSIVE;
				CLANG_WARN_UNREACHABLE_CODE = YES;
				CLANG_WARN__DUPLICATE_METHOD_MATCH = YES;
				COPY_PHASE_STRIP = NO;
				DEBUG_INFORMATION_FORMAT = "dwarf-with-dsym";
				ENABLE_NS_ASSERTIONS = NO;
				ENABLE_STRICT_OBJC_MSGSEND = YES;
				GCC_C_LANGUAGE_STANDARD = gnu11;
				GCC_NO_COMMON_BLOCKS = YES;
				GCC_WARN_64_TO_32_BIT_CONVERSION = YES;
				GCC_WARN_ABOUT_RETURN_TYPE = YES_ERROR;
				GCC_WARN_UNDECLARED_SELECTOR = YES;
				GCC_WARN_UNINITIALIZED_AUTOS = YES_AGGRESSIVE;
				GCC_WARN_UNUSED_FUNCTION = YES;
				GCC_WARN_UNUSED_VARIABLE = YES;
				IPHONEOS_DEPLOYMENT_TARGET = 15.0;
				MTL_ENABLE_DEBUG_INFO = NO;
				MTL_FAST_MATH = YES;
				SDKROOT = iphoneos;
				SWIFT_COMPILATION_MODE = wholemodule;
				SWIFT_OPTIMIZATION_LEVEL = "-O";
				VALIDATE_PRODUCT = YES;
			};
			name = Release;
		};
		DD9E841629058C5A007C6305 /* Debug */ = {
			isa = XCBuildConfiguration;
			buildSettings = {
				ASSETCATALOG_COMPILER_APPICON_NAME = AppIcon;
				ASSETCATALOG_COMPILER_GLOBAL_ACCENT_COLOR_NAME = AccentColor;
				CODE_SIGN_STYLE = Automatic;
				CURRENT_PROJECT_VERSION = 1;
				DEVELOPMENT_TEAM = U887Z457SC;
				GENERATE_INFOPLIST_FILE = YES;
				INFOPLIST_FILE = "Organize your spends and income/Resources/Info.plist";
				INFOPLIST_KEY_LSApplicationCategoryType = "public.app-category.finance";
				INFOPLIST_KEY_UIApplicationSupportsIndirectInputEvents = YES;
				INFOPLIST_KEY_UILaunchStoryboardName = LaunchScreen;
				INFOPLIST_KEY_UIMainStoryboardFile = "";
				INFOPLIST_KEY_UIStatusBarStyle = "";
				INFOPLIST_KEY_UISupportedInterfaceOrientations = UIInterfaceOrientationPortrait;
				IPHONEOS_DEPLOYMENT_TARGET = 14.0;
				LD_RUNPATH_SEARCH_PATHS = (
					"$(inherited)",
					"@executable_path/Frameworks",
				);
				MARKETING_VERSION = 1.0;
				PRODUCT_BUNDLE_IDENTIFIER = "IvanChuv.Organize-your-spends-and-income";
				PRODUCT_NAME = "$(TARGET_NAME)";
				SWIFT_EMIT_LOC_STRINGS = YES;
				SWIFT_VERSION = 5.0;
				TARGETED_DEVICE_FAMILY = "1,2";
			};
			name = Debug;
		};
		DD9E841729058C5A007C6305 /* Release */ = {
			isa = XCBuildConfiguration;
			buildSettings = {
				ASSETCATALOG_COMPILER_APPICON_NAME = AppIcon;
				ASSETCATALOG_COMPILER_GLOBAL_ACCENT_COLOR_NAME = AccentColor;
				CODE_SIGN_STYLE = Automatic;
				CURRENT_PROJECT_VERSION = 1;
				DEVELOPMENT_TEAM = U887Z457SC;
				GENERATE_INFOPLIST_FILE = YES;
				INFOPLIST_FILE = "Organize your spends and income/Resources/Info.plist";
				INFOPLIST_KEY_LSApplicationCategoryType = "public.app-category.finance";
				INFOPLIST_KEY_UIApplicationSupportsIndirectInputEvents = YES;
				INFOPLIST_KEY_UILaunchStoryboardName = LaunchScreen;
				INFOPLIST_KEY_UIMainStoryboardFile = "";
				INFOPLIST_KEY_UIStatusBarStyle = "";
				INFOPLIST_KEY_UISupportedInterfaceOrientations = UIInterfaceOrientationPortrait;
				IPHONEOS_DEPLOYMENT_TARGET = 14.0;
				LD_RUNPATH_SEARCH_PATHS = (
					"$(inherited)",
					"@executable_path/Frameworks",
				);
				MARKETING_VERSION = 1.0;
				PRODUCT_BUNDLE_IDENTIFIER = "IvanChuv.Organize-your-spends-and-income";
				PRODUCT_NAME = "$(TARGET_NAME)";
				SWIFT_EMIT_LOC_STRINGS = YES;
				SWIFT_VERSION = 5.0;
				TARGETED_DEVICE_FAMILY = "1,2";
			};
			name = Release;
		};
/* End XCBuildConfiguration section */

/* Begin XCConfigurationList section */
		DD9E83FC29058C58007C6305 /* Build configuration list for PBXProject "Organize your spends and incomes" */ = {
			isa = XCConfigurationList;
			buildConfigurations = (
				DD9E841329058C5A007C6305 /* Debug */,
				DD9E841429058C5A007C6305 /* Release */,
			);
			defaultConfigurationIsVisible = 0;
			defaultConfigurationName = Release;
		};
		DD9E841529058C5A007C6305 /* Build configuration list for PBXNativeTarget "Organize your spends and income" */ = {
			isa = XCConfigurationList;
			buildConfigurations = (
				DD9E841629058C5A007C6305 /* Debug */,
				DD9E841729058C5A007C6305 /* Release */,
			);
			defaultConfigurationIsVisible = 0;
			defaultConfigurationName = Release;
		};
/* End XCConfigurationList section */
	};
	rootObject = DD9E83F929058C58007C6305 /* Project object */;
}
